
Microsoft Visual Studio Solution File, Format Version 12.00
# Visual Studio Version 17
VisualStudioVersion = 17.10.35013.160
MinimumVisualStudioVersion = 10.0.40219.1
Project("{FAE04EC0-301F-11D3-BF4B-00C04F79EFBC}") = "Console", "Console\Console.csproj", "{7A71FA8B-1861-410B-83DF-484DD3B9E40C}"
EndProject
Project("{FAE04EC0-301F-11D3-BF4B-00C04F79EFBC}") = "DataAccess", "DataAccess\DataAccess.csproj", "{D78501A1-84FE-44D8-9B9B-9EF3150CA0B0}"
EndProject
Project("{FAE04EC0-301F-11D3-BF4B-00C04F79EFBC}") = "Business", "Business\Business.csproj", "{B421798C-4859-437E-ABFF-5382CF85AFEF}"
EndProject
Project("{FAE04EC0-301F-11D3-BF4B-00C04F79EFBC}") = "Core", "Core\Core.csproj", "{FEAA5799-0AC1-445E-8024-04369AA30700}"
EndProject
Project("{FAE04EC0-301F-11D3-BF4B-00C04F79EFBC}") = "Entity", "Entity\Entity.csproj", "{66BFF188-B49A-4DF1-8BF7-10F88A98B786}"
EndProject
Global
	GlobalSection(SolutionConfigurationPlatforms) = preSolution
		Debug|Any CPU = Debug|Any CPU
		Release|Any CPU = Release|Any CPU
	EndGlobalSection
	GlobalSection(ProjectConfigurationPlatforms) = postSolution
		{7A71FA8B-1861-410B-83DF-484DD3B9E40C}.Debug|Any CPU.ActiveCfg = Debug|Any CPU
		{7A71FA8B-1861-410B-83DF-484DD3B9E40C}.Debug|Any CPU.Build.0 = Debug|Any CPU
		{7A71FA8B-1861-410B-83DF-484DD3B9E40C}.Release|Any CPU.ActiveCfg = Release|Any CPU
		{7A71FA8B-1861-410B-83DF-484DD3B9E40C}.Release|Any CPU.Build.0 = Release|Any CPU
		{D78501A1-84FE-44D8-9B9B-9EF3150CA0B0}.Debug|Any CPU.ActiveCfg = Debug|Any CPU
		{D78501A1-84FE-44D8-9B9B-9EF3150CA0B0}.Debug|Any CPU.Build.0 = Debug|Any CPU
		{D78501A1-84FE-44D8-9B9B-9EF3150CA0B0}.Release|Any CPU.ActiveCfg = Release|Any CPU
		{D78501A1-84FE-44D8-9B9B-9EF3150CA0B0}.Release|Any CPU.Build.0 = Release|Any CPU
		{B421798C-4859-437E-ABFF-5382CF85AFEF}.Debug|Any CPU.ActiveCfg = Debug|Any CPU
		{B421798C-4859-437E-ABFF-5382CF85AFEF}.Debug|Any CPU.Build.0 = Debug|Any CPU
		{B421798C-4859-437E-ABFF-5382CF85AFEF}.Release|Any CPU.ActiveCfg = Release|Any CPU
		{B421798C-4859-437E-ABFF-5382CF85AFEF}.Release|Any CPU.Build.0 = Release|Any CPU
		{FEAA5799-0AC1-445E-8024-04369AA30700}.Debug|Any CPU.ActiveCfg = Debug|Any CPU
		{FEAA5799-0AC1-445E-8024-04369AA30700}.Debug|Any CPU.Build.0 = Debug|Any CPU
		{FEAA5799-0AC1-445E-8024-04369AA30700}.Release|Any CPU.ActiveCfg = Release|Any CPU
		{FEAA5799-0AC1-445E-8024-04369AA30700}.Release|Any CPU.Build.0 = Release|Any CPU
		{66BFF188-B49A-4DF1-8BF7-10F88A98B786}.Debug|Any CPU.ActiveCfg = Debug|Any CPU
		{66BFF188-B49A-4DF1-8BF7-10F88A98B786}.Debug|Any CPU.Build.0 = Debug|Any CPU
		{66BFF188-B49A-4DF1-8BF7-10F88A98B786}.Release|Any CPU.ActiveCfg = Release|Any CPU
		{66BFF188-B49A-4DF1-8BF7-10F88A98B786}.Release|Any CPU.Build.0 = Release|Any CPU
	EndGlobalSection
	GlobalSection(SolutionProperties) = preSolution
		HideSolutionNode = FALSE
	EndGlobalSection
	GlobalSection(ExtensibilityGlobals) = postSolution
		SolutionGuid = {7CEA2622-9ADA-43E9-9666-6E1F45D4A995}
	EndGlobalSection
EndGlobal
